
Microsoft Visual Studio Solution File, Format Version 12.00
# Visual Studio Version 17
VisualStudioVersion = 17.0.32014.148
MinimumVisualStudioVersion = 10.0.40219.1
Project("{FAE04EC0-301F-11D3-BF4B-00C04F79EFBC}") = "Validations", "Validations\Validations.csproj", "{5EDCE522-AC16-4B66-B9F3-848D09DAA35F}"
EndProject
Project("{FAE04EC0-301F-11D3-BF4B-00C04F79EFBC}") = "Custom_volidation", "Custom_volidation\Custom_volidation.csproj", "{2B783C0C-4933-403D-BD28-A8FD9B0BD85D}"
EndProject
Project("{FAE04EC0-301F-11D3-BF4B-00C04F79EFBC}") = "Validation_ByAnnotations", "Validation_ByAnnotations\Validation_ByAnnotations.csproj", "{471146C3-E36C-42F9-A8CA-09CF846A012E}"
EndProject
Global
	GlobalSection(SolutionConfigurationPlatforms) = preSolution
		Debug|Any CPU = Debug|Any CPU
		Release|Any CPU = Release|Any CPU
	EndGlobalSection
	GlobalSection(ProjectConfigurationPlatforms) = postSolution
		{5EDCE522-AC16-4B66-B9F3-848D09DAA35F}.Debug|Any CPU.ActiveCfg = Debug|Any CPU
		{5EDCE522-AC16-4B66-B9F3-848D09DAA35F}.Debug|Any CPU.Build.0 = Debug|Any CPU
		{5EDCE522-AC16-4B66-B9F3-848D09DAA35F}.Release|Any CPU.ActiveCfg = Release|Any CPU
		{5EDCE522-AC16-4B66-B9F3-848D09DAA35F}.Release|Any CPU.Build.0 = Release|Any CPU
		{2B783C0C-4933-403D-BD28-A8FD9B0BD85D}.Debug|Any CPU.ActiveCfg = Debug|Any CPU
		{2B783C0C-4933-403D-BD28-A8FD9B0BD85D}.Debug|Any CPU.Build.0 = Debug|Any CPU
		{2B783C0C-4933-403D-BD28-A8FD9B0BD85D}.Release|Any CPU.ActiveCfg = Release|Any CPU
		{2B783C0C-4933-403D-BD28-A8FD9B0BD85D}.Release|Any CPU.Build.0 = Release|Any CPU
		{471146C3-E36C-42F9-A8CA-09CF846A012E}.Debug|Any CPU.ActiveCfg = Debug|Any CPU
		{471146C3-E36C-42F9-A8CA-09CF846A012E}.Debug|Any CPU.Build.0 = Debug|Any CPU
		{471146C3-E36C-42F9-A8CA-09CF846A012E}.Release|Any CPU.ActiveCfg = Release|Any CPU
		{471146C3-E36C-42F9-A8CA-09CF846A012E}.Release|Any CPU.Build.0 = Release|Any CPU
	EndGlobalSection
	GlobalSection(SolutionProperties) = preSolution
		HideSolutionNode = FALSE
	EndGlobalSection
	GlobalSection(ExtensibilityGlobals) = postSolution
		SolutionGuid = {C93A2BEA-82BC-48CA-89C2-77FD43F7D147}
	EndGlobalSection
EndGlobal
